{
  "name": "magicthecat-trapfocus",
  "version": "1.5.0",
  "lockfileVersion": 2,
  "requires": true,
  "author": "MagicTheCat",
  "description": "Vanilla JS Trap Focus Library",
  "homepage": "https://github.com/magicthecat/trapfocus#readme",
  "keywords": [
    "trapfocus",
    "vanilla",
    "react",
    "vue",
    "javascript"
  ],
  "license": "MIT",
  "main": "./trapfocus/index.js",
  "packages": {
    "": {
      "name": "magicthecat-trapfocus",
      "version": "1.5.0",
      "license": "MIT"
    }
  },
  "bugs": {
    "url": "https://github.com/magicthecat/trapfocus/issues"
  },
  "repository": {
    "type": "git",
    "url": "git+https://github.com/magicthecat/trapfocus.git"
  },
  "scripts": {
    "test": "test"
  }
}
